Microsoft Visual Studio Solution File, Format Version 12.00
# Visual Studio Version 17
VisualStudioVersion = 17.0.31611.283
MinimumVisualStudioVersion = 10.0.40219.1
Project("{9A19103F-16F7-4668-BE54-9A1E7A4F7556}") = "Trumpeter", "Trumpeter\Trumpeter.csproj", "{FB26F2E0-D6E6-40DC-84D6-EA285FE89A52}"
EndProject
Project("{9A19103F-16F7-4668-BE54-9A1E7A4F7556}") = "DllOperator", "DllOperator\DllOperator.csproj", "{CBB7D85E-F18B-4B65-963B-0C7D070901DF}"
EndProject
Project("{9A19103F-16F7-4668-BE54-9A1E7A4F7556}") = "RazorClassLibrary1", "RazorClassLibrary1\RazorClassLibrary1.csproj", "{4D589EBF-FD43-40FE-A247-E989C5C0D5C7}"
EndProject
Global
	GlobalSection(SolutionConfigurationPlatforms) = preSolution
		Debug|Any CPU = Debug|Any CPU
		Debug|x64 = Debug|x64
		Debug|x86 = Debug|x86
		Release|Any CPU = Release|Any CPU
		Release|x64 = Release|x64
		Release|x86 = Release|x86
	EndGlobalSection
	GlobalSection(ProjectConfigurationPlatforms) = postSolution
		{FB26F2E0-D6E6-40DC-84D6-EA285FE89A52}.Debug|Any CPU.ActiveCfg = Debug|Any CPU
		{FB26F2E0-D6E6-40DC-84D6-EA285FE89A52}.Debug|Any CPU.Build.0 = Debug|Any CPU
		{FB26F2E0-D6E6-40DC-84D6-EA285FE89A52}.Debug|Any CPU.Deploy.0 = Debug|Any CPU
		{FB26F2E0-D6E6-40DC-84D6-EA285FE89A52}.Debug|x64.ActiveCfg = Debug|Any CPU
		{FB26F2E0-D6E6-40DC-84D6-EA285FE89A52}.Debug|x64.Build.0 = Debug|Any CPU
		{FB26F2E0-D6E6-40DC-84D6-EA285FE89A52}.Debug|x64.Deploy.0 = Debug|Any CPU
		{FB26F2E0-D6E6-40DC-84D6-EA285FE89A52}.Debug|x86.ActiveCfg = Debug|Any CPU
		{FB26F2E0-D6E6-40DC-84D6-EA285FE89A52}.Debug|x86.Build.0 = Debug|Any CPU
		{FB26F2E0-D6E6-40DC-84D6-EA285FE89A52}.Debug|x86.Deploy.0 = Debug|Any CPU
		{FB26F2E0-D6E6-40DC-84D6-EA285FE89A52}.Release|Any CPU.ActiveCfg = Release|Any CPU
		{FB26F2E0-D6E6-40DC-84D6-EA285FE89A52}.Release|Any CPU.Build.0 = Release|Any CPU
		{FB26F2E0-D6E6-40DC-84D6-EA285FE89A52}.Release|Any CPU.Deploy.0 = Release|Any CPU
		{FB26F2E0-D6E6-40DC-84D6-EA285FE89A52}.Release|x64.ActiveCfg = Release|Any CPU
		{FB26F2E0-D6E6-40DC-84D6-EA285FE89A52}.Release|x64.Build.0 = Release|Any CPU
		{FB26F2E0-D6E6-40DC-84D6-EA285FE89A52}.Release|x64.Deploy.0 = Release|Any CPU
		{FB26F2E0-D6E6-40DC-84D6-EA285FE89A52}.Release|x86.ActiveCfg = Release|Any CPU
		{FB26F2E0-D6E6-40DC-84D6-EA285FE89A52}.Release|x86.Build.0 = Release|Any CPU
		{FB26F2E0-D6E6-40DC-84D6-EA285FE89A52}.Release|x86.Deploy.0 = Release|Any CPU
		{CBB7D85E-F18B-4B65-963B-0C7D070901DF}.Debug|Any CPU.ActiveCfg = Debug|Any CPU
		{CBB7D85E-F18B-4B65-963B-0C7D070901DF}.Debug|Any CPU.Build.0 = Debug|Any CPU
		{CBB7D85E-F18B-4B65-963B-0C7D070901DF}.Debug|x64.ActiveCfg = Debug|Any CPU
		{CBB7D85E-F18B-4B65-963B-0C7D070901DF}.Debug|x64.Build.0 = Debug|Any CPU
		{CBB7D85E-F18B-4B65-963B-0C7D070901DF}.Debug|x86.ActiveCfg = Debug|Any CPU
		{CBB7D85E-F18B-4B65-963B-0C7D070901DF}.Debug|x86.Build.0 = Debug|Any CPU
		{CBB7D85E-F18B-4B65-963B-0C7D070901DF}.Release|Any CPU.ActiveCfg = Release|Any CPU
		{CBB7D85E-F18B-4B65-963B-0C7D070901DF}.Release|Any CPU.Build.0 = Release|Any CPU
		{CBB7D85E-F18B-4B65-963B-0C7D070901DF}.Release|x64.ActiveCfg = Release|Any CPU
		{CBB7D85E-F18B-4B65-963B-0C7D070901DF}.Release|x64.Build.0 = Release|Any CPU
		{CBB7D85E-F18B-4B65-963B-0C7D070901DF}.Release|x86.ActiveCfg = Release|Any CPU
		{CBB7D85E-F18B-4B65-963B-0C7D070901DF}.Release|x86.Build.0 = Release|Any CPU
		{4D589EBF-FD43-40FE-A247-E989C5C0D5C7}.Debug|Any CPU.ActiveCfg = Debug|Any CPU
		{4D589EBF-FD43-40FE-A247-E989C5C0D5C7}.Debug|Any CPU.Build.0 = Debug|Any CPU
		{4D589EBF-FD43-40FE-A247-E989C5C0D5C7}.Debug|x64.ActiveCfg = Debug|Any CPU
		{4D589EBF-FD43-40FE-A247-E989C5C0D5C7}.Debug|x64.Build.0 = Debug|Any CPU
		{4D589EBF-FD43-40FE-A247-E989C5C0D5C7}.Debug|x86.ActiveCfg = Debug|Any CPU
		{4D589EBF-FD43-40FE-A247-E989C5C0D5C7}.Debug|x86.Build.0 = Debug|Any CPU
		{4D589EBF-FD43-40FE-A247-E989C5C0D5C7}.Release|Any CPU.ActiveCfg = Release|Any CPU
		{4D589EBF-FD43-40FE-A247-E989C5C0D5C7}.Release|Any CPU.Build.0 = Release|Any CPU
		{4D589EBF-FD43-40FE-A247-E989C5C0D5C7}.Release|x64.ActiveCfg = Release|Any CPU
		{4D589EBF-FD43-40FE-A247-E989C5C0D5C7}.Release|x64.Build.0 = Release|Any CPU
		{4D589EBF-FD43-40FE-A247-E989C5C0D5C7}.Release|x86.ActiveCfg = Release|Any CPU
		{4D589EBF-FD43-40FE-A247-E989C5C0D5C7}.Release|x86.Build.0 = Release|Any CPU
	EndGlobalSection
	GlobalSection(SolutionProperties) = preSolution
		HideSolutionNode = FALSE
	EndGlobalSection
	GlobalSection(ExtensibilityGlobals) = postSolution
		SolutionGuid = {61F7FB11-1E47-470C-91E2-47F8143E1572}
	EndGlobalSection
EndGlobal
